// !$*UTF8*$!
{
	archiveVersion = 1;
	classes = {
	};
	objectVersion = 46;
	objects = {

/* Begin PBXBuildFile section */
		1DDD58160DA1D0A300B32029 /* MainMenu.xib in Resources */ = {isa = PBXBuildFile; fileRef = 1DDD58140DA1D0A300B32029 /* MainMenu.xib */; };
		256AC3DA0F4B6AC300CF3369 /* callback_macAppDelegate.m in Sources */ = {isa = PBXBuildFile; fileRef = 256AC3D90F4B6AC300CF3369 /* callback_macAppDelegate.m */; };
		3070C2DB118B65E400245025 /* Utils.m in Sources */ = {isa = PBXBuildFile; fileRef = 3070C2DA118B65E400245025 /* Utils.m */; };
		3070C365118B845100245025 /* WebViewDelegate.m in Sources */ = {isa = PBXBuildFile; fileRef = 3070C364118B845100245025 /* WebViewDelegate.m */; };
		3070C381118B8DB100245025 /* Sound.m in Sources */ = {isa = PBXBuildFile; fileRef = 3070C380118B8DB100245025 /* Sound.m */; };
		30EAE82C117C643400363693 /* ContentView.m in Sources */ = {isa = PBXBuildFile; fileRef = 30EAE82B117C643400363693 /* ContentView.m */; };
		488D5A9613C9193100F585E0 /* Callback.icns in Resources */ = {isa = PBXBuildFile; fileRef = 488D5A9513C9193100F585E0 /* Callback.icns */; };
		8D11072B0486CEB800E47090 /* InfoPlist.strings in Resources */ = {isa = PBXBuildFile; fileRef = 089C165CFE840E0CC02AAC07 /* InfoPlist.strings */; };
		8D11072D0486CEB800E47090 /* main.m in Sources */ = {isa = PBXBuildFile; fileRef = 29B97316FDCFA39411CA2CEA /* main.m */; settings = {ATTRIBUTES = (); }; };
		8D11072F0486CEB800E47090 /* Cocoa.framework in Frameworks */ = {isa = PBXBuildFile; fileRef = 1058C7A1FEA54F0111CA2CBB /* Cocoa.framework */; };
		E91E2744148A0AF700DCB657 /* index.html in Resources */ = {isa = PBXBuildFile; fileRef = E91E2743148A0AF700DCB657 /* index.html */; };
		FA30079A14B8E77600417138 /* WebKit.framework in Frameworks */ = {isa = PBXBuildFile; fileRef = 300528CD116DD6D400C4263B /* WebKit.framework */; };
		FA37DE1514B7FCF60045A520 /* Dock.m in Sources */ = {isa = PBXBuildFile; fileRef = FA37DE1414B7FCF60045A520 /* Dock.m */; };
		FA37DE2014B8044E0045A520 /* Growl.framework in Frameworks */ = {isa = PBXBuildFile; fileRef = FA37DE1F14B8044E0045A520 /* Growl.framework */; };
		FA37DE2414B808150045A520 /* Growl.framework in CopyFiles */ = {isa = PBXBuildFile; fileRef = FA37DE2314B808150045A520 /* Growl.framework */; };
		FA37DE2714B8088D0045A520 /* Growl.m in Sources */ = {isa = PBXBuildFile; fileRef = FA37DE2614B8088D0045A520 /* Growl.m */; };
		FA5A63E114BA0A3C00E7CC30 /* Path.m in Sources */ = {isa = PBXBuildFile; fileRef = FA5A63E014BA0A3C00E7CC30 /* Path.m */; };
		FA5A63E514BA0C4800E7CC30 /* App.m in Sources */ = {isa = PBXBuildFile; fileRef = FA5A63E414BA0C4800E7CC30 /* App.m */; };
/* End PBXBuildFile section */

/* Begin PBXBuildRule section */
		FA37DE2114B807F60045A520 /* PBXBuildRule */ = {
			isa = PBXBuildRule;
			compilerSpec = com.apple.compilers.proxy.script;
			fileType = pattern.proxy;
			isEditable = 1;
			outputFiles = (
			);
		};
/* End PBXBuildRule section */

/* Begin PBXCopyFilesBuildPhase section */
		FA37DE2214B807FC0045A520 /* CopyFiles */ = {
			isa = PBXCopyFilesBuildPhase;
			buildActionMask = 2147483647;
			dstPath = "";
			dstSubfolderSpec = 10;
			files = (
				FA37DE2414B808150045A520 /* Growl.framework in CopyFiles */,
			);
			runOnlyForDeploymentPostprocessing = 0;
		};
/* End PBXCopyFilesBuildPhase section */

/* Begin PBXFileReference section */
		089C165DFE840E0CC02AAC07 /* English */ = {isa = PBXFileReference; fileEncoding = 4; lastKnownFileType = text.plist.strings; name = English; path = English.lproj/InfoPlist.strings; sourceTree = "<group>"; };
		1058C7A1FEA54F0111CA2CBB /* Cocoa.framework */ = {isa = PBXFileReference; lastKnownFileType = wrapper.framework; name = Cocoa.framework; path = /System/Library/Frameworks/Cocoa.framework; sourceTree = "<absolute>"; };
		13E42FB307B3F0F600E4EEF1 /* CoreData.framework */ = {isa = PBXFileReference; lastKnownFileType = wrapper.framework; name = CoreData.framework; path = /System/Library/Frameworks/CoreData.framework; sourceTree = "<absolute>"; };
		1DDD58150DA1D0A300B32029 /* English */ = {isa = PBXFileReference; lastKnownFileType = file.xib; name = English; path = English.lproj/MainMenu.xib; sourceTree = "<group>"; };
		256AC3D80F4B6AC300CF3369 /* callback_macAppDelegate.h */ = {isa = PBXFileReference; fileEncoding = 4; lastKnownFileType = sourcecode.c.h; path = callback_macAppDelegate.h; sourceTree = "<group>"; };
		256AC3D90F4B6AC300CF3369 /* callback_macAppDelegate.m */ = {isa = PBXFileReference; fileEncoding = 4; lastKnownFileType = sourcecode.c.objc; path = callback_macAppDelegate.m; sourceTree = "<group>"; };
		256AC3F00F4B6AF500CF3369 /* callback_mac_Prefix.pch */ = {isa = PBXFileReference; fileEncoding = 4; lastKnownFileType = sourcecode.c.h; path = callback_mac_Prefix.pch; sourceTree = "<group>"; };
		29B97316FDCFA39411CA2CEA /* main.m */ = {isa = PBXFileReference; fileEncoding = 4; lastKnownFileType = sourcecode.c.objc; path = main.m; sourceTree = "<group>"; };
		29B97324FDCFA39411CA2CEA /* AppKit.framework */ = {isa = PBXFileReference; lastKnownFileType = wrapper.framework; name = AppKit.framework; path = /System/Library/Frameworks/AppKit.framework; sourceTree = "<absolute>"; };
		29B97325FDCFA39411CA2CEA /* Foundation.framework */ = {isa = PBXFileReference; lastKnownFileType = wrapper.framework; name = Foundation.framework; path = /System/Library/Frameworks/Foundation.framework; sourceTree = "<absolute>"; };
		300528CD116DD6D400C4263B /* WebKit.framework */ = {isa = PBXFileReference; lastKnownFileType = wrapper.framework; name = WebKit.framework; path = System/Library/Frameworks/WebKit.framework; sourceTree = SDKROOT; };
		3070C2D9118B65E400245025 /* Utils.h */ = {isa = PBXFileReference; fileEncoding = 4; lastKnownFileType = sourcecode.c.h; name = Utils.h; path = Classes/Utils.h; sourceTree = "<group>"; };
		3070C2DA118B65E400245025 /* Utils.m */ = {isa = PBXFileReference; fileEncoding = 4; lastKnownFileType = sourcecode.c.objc; name = Utils.m; path = Classes/Utils.m; sourceTree = "<group>"; };
		3070C363118B845100245025 /* WebViewDelegate.h */ = {isa = PBXFileReference; fileEncoding = 4; lastKnownFileType = sourcecode.c.h; name = WebViewDelegate.h; path = Classes/WebViewDelegate.h; sourceTree = "<group>"; };
		3070C364118B845100245025 /* WebViewDelegate.m */ = {isa = PBXFileReference; fileEncoding = 4; lastKnownFileType = sourcecode.c.objc; name = WebViewDelegate.m; path = Classes/WebViewDelegate.m; sourceTree = "<group>"; };
		3070C37F118B8DB100245025 /* Sound.h */ = {isa = PBXFileReference; fileEncoding = 4; lastKnownFileType = sourcecode.c.h; name = Sound.h; path = Classes/Commands/Sound.h; sourceTree = "<group>"; };
		3070C380118B8DB100245025 /* Sound.m */ = {isa = PBXFileReference; fileEncoding = 4; lastKnownFileType = sourcecode.c.objc; name = Sound.m; path = Classes/Commands/Sound.m; sourceTree = "<group>"; };
		30E7C90C116EBF21003E991E /* Constants.h */ = {isa = PBXFileReference; fileEncoding = 4; lastKnownFileType = sourcecode.c.h; name = Constants.h; path = Classes/Constants.h; sourceTree = "<group>"; };
		30EAE82A117C643400363693 /* ContentView.h */ = {isa = PBXFileReference; fileEncoding = 4; lastKnownFileType = sourcecode.c.h; name = ContentView.h; path = Classes/ContentView.h; sourceTree = "<group>"; };
		30EAE82B117C643400363693 /* ContentView.m */ = {isa = PBXFileReference; fileEncoding = 4; lastKnownFileType = sourcecode.c.objc; name = ContentView.m; path = Classes/ContentView.m; sourceTree = "<group>"; };
		488D5A9513C9193100F585E0 /* Callback.icns */ = {isa = PBXFileReference; lastKnownFileType = image.icns; path = Callback.icns; sourceTree = "<group>"; };
		8D1107310486CEB800E47090 /* callback.plist */ = {isa = PBXFileReference; fileEncoding = 4; lastKnownFileType = text.plist.xml; path = callback.plist; sourceTree = "<group>"; };
		8D1107320486CEB800E47090 /* Callback.app */ = {isa = PBXFileReference; explicitFileType = wrapper.application; includeInIndex = 0; path = Callback.app; sourceTree = BUILT_PRODUCTS_DIR; };
		E91E2743148A0AF700DCB657 /* index.html */ = {isa = PBXFileReference; fileEncoding = 4; lastKnownFileType = text.html; path = index.html; sourceTree = "<group>"; };
		FA37DE1314B7FCF60045A520 /* Dock.h */ = {isa = PBXFileReference; fileEncoding = 4; lastKnownFileType = sourcecode.c.h; path = Dock.h; sourceTree = "<group>"; };
		FA37DE1414B7FCF60045A520 /* Dock.m */ = {isa = PBXFileReference; fileEncoding = 4; lastKnownFileType = sourcecode.c.objc; path = Dock.m; sourceTree = "<group>"; };
		FA37DE1F14B8044E0045A520 /* Growl.framework */ = {isa = PBXFileReference; lastKnownFileType = wrapper.framework; path = Growl.framework; sourceTree = "<group>"; };
		FA37DE2314B808150045A520 /* Growl.framework */ = {isa = PBXFileReference; lastKnownFileType = wrapper.framework; path = Growl.framework; sourceTree = "<group>"; };
		FA37DE2514B8088D0045A520 /* Growl.h */ = {isa = PBXFileReference; fileEncoding = 4; lastKnownFileType = sourcecode.c.h; name = Growl.h; path = Classes/Commands/Growl.h; sourceTree = "<group>"; };
		FA37DE2614B8088D0045A520 /* Growl.m */ = {isa = PBXFileReference; fileEncoding = 4; lastKnownFileType = sourcecode.c.objc; name = Growl.m; path = Classes/Commands/Growl.m; sourceTree = "<group>"; };
		FA5A63DF14BA0A3B00E7CC30 /* Path.h */ = {isa = PBXFileReference; fileEncoding = 4; lastKnownFileType = sourcecode.c.h; path = Path.h; sourceTree = "<group>"; };
		FA5A63E014BA0A3C00E7CC30 /* Path.m */ = {isa = PBXFileReference; fileEncoding = 4; lastKnownFileType = sourcecode.c.objc; path = Path.m; sourceTree = "<group>"; };
		FA5A63E314BA0C4800E7CC30 /* App.h */ = {isa = PBXFileReference; fileEncoding = 4; lastKnownFileType = sourcecode.c.h; path = App.h; sourceTree = "<group>"; };
		FA5A63E414BA0C4800E7CC30 /* App.m */ = {isa = PBXFileReference; fileEncoding = 4; lastKnownFileType = sourcecode.c.objc; path = App.m; sourceTree = "<group>"; };
/* End PBXFileReference section */

/* Begin PBXFrameworksBuildPhase section */
		8D11072E0486CEB800E47090 /* Frameworks */ = {
			isa = PBXFrameworksBuildPhase;
			buildActionMask = 2147483647;
			files = (
				FA30079A14B8E77600417138 /* WebKit.framework in Frameworks */,
				8D11072F0486CEB800E47090 /* Cocoa.framework in Frameworks */,
				FA37DE2014B8044E0045A520 /* Growl.framework in Frameworks */,
			);
			runOnlyForDeploymentPostprocessing = 0;
		};
/* End PBXFrameworksBuildPhase section */

/* Begin PBXGroup section */
		080E96DDFE201D6D7F000001 /* Classes */ = {
			isa = PBXGroup;
			children = (
				3070C37B118B8D8500245025 /* Commands */,
				3070C2D9118B65E400245025 /* Utils.h */,
				3070C2DA118B65E400245025 /* Utils.m */,
				256AC3D80F4B6AC300CF3369 /* callback_macAppDelegate.h */,
				256AC3D90F4B6AC300CF3369 /* callback_macAppDelegate.m */,
				30E7C90C116EBF21003E991E /* Constants.h */,
				30EAE82A117C643400363693 /* ContentView.h */,
				30EAE82B117C643400363693 /* ContentView.m */,
				3070C363118B845100245025 /* WebViewDelegate.h */,
				3070C364118B845100245025 /* WebViewDelegate.m */,
			);
			name = Classes;
			sourceTree = "<group>";
		};
		1058C7A0FEA54F0111CA2CBB /* Linked Frameworks */ = {
			isa = PBXGroup;
			children = (
				1058C7A1FEA54F0111CA2CBB /* Cocoa.framework */,
			);
			name = "Linked Frameworks";
			sourceTree = "<group>";
		};
		1058C7A2FEA54F0111CA2CBB /* Other Frameworks */ = {
			isa = PBXGroup;
			children = (
				29B97324FDCFA39411CA2CEA /* AppKit.framework */,
				13E42FB307B3F0F600E4EEF1 /* CoreData.framework */,
				29B97325FDCFA39411CA2CEA /* Foundation.framework */,
				300528CD116DD6D400C4263B /* WebKit.framework */,
			);
			name = "Other Frameworks";
			sourceTree = "<group>";
		};
		19C28FACFE9D520D11CA2CBB /* Products */ = {
			isa = PBXGroup;
			children = (
				8D1107320486CEB800E47090 /* Callback.app */,
			);
			name = Products;
			sourceTree = "<group>";
		};
		29B97314FDCFA39411CA2CEA /* callback-mac */ = {
			isa = PBXGroup;
			children = (
				FA37DE2314B808150045A520 /* Growl.framework */,
				080E96DDFE201D6D7F000001 /* Classes */,
				29B97315FDCFA39411CA2CEA /* Other Sources */,
				29B97317FDCFA39411CA2CEA /* Resources */,
				29B97323FDCFA39411CA2CEA /* Frameworks */,
				19C28FACFE9D520D11CA2CBB /* Products */,
			);
			name = "callback-mac";
			sourceTree = "<group>";
		};
		29B97315FDCFA39411CA2CEA /* Other Sources */ = {
			isa = PBXGroup;
			children = (
				256AC3F00F4B6AF500CF3369 /* callback_mac_Prefix.pch */,
				29B97316FDCFA39411CA2CEA /* main.m */,
			);
			name = "Other Sources";
			sourceTree = "<group>";
		};
		29B97317FDCFA39411CA2CEA /* Resources */ = {
			isa = PBXGroup;
			children = (
				488D5A9513C9193100F585E0 /* Callback.icns */,
				8D1107310486CEB800E47090 /* callback.plist */,
				089C165CFE840E0CC02AAC07 /* InfoPlist.strings */,
				1DDD58140DA1D0A300B32029 /* MainMenu.xib */,
				E91E2743148A0AF700DCB657 /* index.html */,
			);
			name = Resources;
			sourceTree = "<group>";
		};
		29B97323FDCFA39411CA2CEA /* Frameworks */ = {
			isa = PBXGroup;
			children = (
				FA37DE1F14B8044E0045A520 /* Growl.framework */,
				1058C7A0FEA54F0111CA2CBB /* Linked Frameworks */,
				1058C7A2FEA54F0111CA2CBB /* Other Frameworks */,
			);
			name = Frameworks;
			sourceTree = "<group>";
		};
		3070C37B118B8D8500245025 /* Commands */ = {
			isa = PBXGroup;
			children = (
				3070C37F118B8DB100245025 /* Sound.h */,
				3070C380118B8DB100245025 /* Sound.m */,
				FA37DE1314B7FCF60045A520 /* Dock.h */,
				FA37DE1414B7FCF60045A520 /* Dock.m */,
				FA37DE2514B8088D0045A520 /* Growl.h */,
				FA37DE2614B8088D0045A520 /* Growl.m */,
				FA5A63DF14BA0A3B00E7CC30 /* Path.h */,
				FA5A63E014BA0A3C00E7CC30 /* Path.m */,
				FA5A63E314BA0C4800E7CC30 /* App.h */,
				FA5A63E414BA0C4800E7CC30 /* App.m */,
			);
			name = Commands;
			sourceTree = "<group>";
		};
/* End PBXGroup section */

/* Begin PBXNativeTarget section */
		8D1107260486CEB800E47090 /* callback-mac */ = {
			isa = PBXNativeTarget;
			buildConfigurationList = C01FCF4A08A954540054247B /* Build configuration list for PBXNativeTarget "callback-mac" */;
			buildPhases = (
				8D1107290486CEB800E47090 /* Resources */,
				8D11072C0486CEB800E47090 /* Sources */,
				8D11072E0486CEB800E47090 /* Frameworks */,
				FA37DE2214B807FC0045A520 /* CopyFiles */,
			);
			buildRules = (
				FA37DE2114B807F60045A520 /* PBXBuildRule */,
			);
			dependencies = (
			);
			name = "callback-mac";
			productInstallPath = "$(HOME)/Applications";
			productName = "callback-mac";
			productReference = 8D1107320486CEB800E47090 /* Callback.app */;
			productType = "com.apple.product-type.application";
		};
/* End PBXNativeTarget section */

/* Begin PBXProject section */
		29B97313FDCFA39411CA2CEA /* Project object */ = {
			isa = PBXProject;
			attributes = {
				LastUpgradeCheck = 0420;
				ORGANIZATIONNAME = "Nitobi Software Inc.";
			};
			buildConfigurationList = C01FCF4E08A954540054247B /* Build configuration list for PBXProject "callback-mac" */;
			compatibilityVersion = "Xcode 3.2";
			developmentRegion = English;
			hasScannedForEncodings = 1;
			knownRegions = (
				en,
			);
			mainGroup = 29B97314FDCFA39411CA2CEA /* callback-mac */;
			projectDirPath = "";
			projectRoot = "";
			targets = (
				8D1107260486CEB800E47090 /* callback-mac */,
			);
		};
/* End PBXProject section */

/* Begin PBXResourcesBuildPhase section */
		8D1107290486CEB800E47090 /* Resources */ = {
			isa = PBXResourcesBuildPhase;
			buildActionMask = 2147483647;
			files = (
				8D11072B0486CEB800E47090 /* InfoPlist.strings in Resources */,
				1DDD58160DA1D0A300B32029 /* MainMenu.xib in Resources */,
				488D5A9613C9193100F585E0 /* Callback.icns in Resources */,
				E91E2744148A0AF700DCB657 /* index.html in Resources */,
			);
			runOnlyForDeploymentPostprocessing = 0;
		};
/* End PBXResourcesBuildPhase section */

/* Begin PBXSourcesBuildPhase section */
		8D11072C0486CEB800E47090 /* Sources */ = {
			isa = PBXSourcesBuildPhase;
			buildActionMask = 2147483647;
			files = (
				8D11072D0486CEB800E47090 /* main.m in Sources */,
				256AC3DA0F4B6AC300CF3369 /* callback_macAppDelegate.m in Sources */,
				30EAE82C117C643400363693 /* ContentView.m in Sources */,
				3070C2DB118B65E400245025 /* Utils.m in Sources */,
				3070C365118B845100245025 /* WebViewDelegate.m in Sources */,
				3070C381118B8DB100245025 /* Sound.m in Sources */,
				FA37DE1514B7FCF60045A520 /* Dock.m in Sources */,
				FA37DE2714B8088D0045A520 /* Growl.m in Sources */,
				FA5A63E114BA0A3C00E7CC30 /* Path.m in Sources */,
				FA5A63E514BA0C4800E7CC30 /* App.m in Sources */,
			);
			runOnlyForDeploymentPostprocessing = 0;
		};
/* End PBXSourcesBuildPhase section */

/* Begin PBXVariantGroup section */
		089C165CFE840E0CC02AAC07 /* InfoPlist.strings */ = {
			isa = PBXVariantGroup;
			children = (
				089C165DFE840E0CC02AAC07 /* English */,
			);
			name = InfoPlist.strings;
			sourceTree = "<group>";
		};
		1DDD58140DA1D0A300B32029 /* MainMenu.xib */ = {
			isa = PBXVariantGroup;
			children = (
				1DDD58150DA1D0A300B32029 /* English */,
			);
			name = MainMenu.xib;
			sourceTree = "<group>";
		};
/* End PBXVariantGroup section */

/* Begin XCBuildConfiguration section */
		C01FCF4B08A954540054247B /* Debug */ = {
			isa = XCBuildConfiguration;
			buildSettings = {
				ALWAYS_SEARCH_USER_PATHS = NO;
				COPY_PHASE_STRIP = NO;
				FRAMEWORK_SEARCH_PATHS = (
					"$(inherited)",
					"\"$(SRCROOT)\"",
					"\"$(SRCROOT)/../Downloads/Growl-1.3.1-SDK/Framework\"",
				);
				GCC_DYNAMIC_NO_PIC = NO;
				GCC_MODEL_TUNING = G5;
				GCC_OPTIMIZATION_LEVEL = 0;
				GCC_PRECOMPILE_PREFIX_HEADER = YES;
				GCC_PREFIX_HEADER = callback_mac_Prefix.pch;
				INFOPLIST_FILE = callback.plist;
				INSTALL_PATH = "$(HOME)/Applications";
				MACOSX_DEPLOYMENT_TARGET = 10.7;
				PRODUCT_NAME = Callback;
			};
			name = Debug;
		};
		C01FCF4C08A954540054247B /* Release */ = {
			isa = XCBuildConfiguration;
			buildSettings = {
				ALWAYS_SEARCH_USER_PATHS = NO;
				DEBUG_INFORMATION_FORMAT = "dwarf-with-dsym";
				FRAMEWORK_SEARCH_PATHS = (
					"$(inherited)",
					"\"$(SRCROOT)\"",
					"\"$(SRCROOT)/../Downloads/Growl-1.3.1-SDK/Framework\"",
				);
				GCC_MODEL_TUNING = G5;
				GCC_PRECOMPILE_PREFIX_HEADER = YES;
				GCC_PREFIX_HEADER = callback_mac_Prefix.pch;
				INFOPLIST_FILE = callback.plist;
				INSTALL_PATH = "$(HOME)/Applications";
				MACOSX_DEPLOYMENT_TARGET = 10.7;
				PRODUCT_NAME = Callback;
			};
			name = Release;
		};
		C01FCF4F08A954540054247B /* Debug */ = {
			isa = XCBuildConfiguration;
			buildSettings = {
				ARCHS = "$(ARCHS_STANDARD_32_64_BIT)";
				GCC_C_LANGUAGE_STANDARD = gnu99;
				GCC_OPTIMIZATION_LEVEL = 0;
				GCC_WARN_ABOUT_RETURN_TYPE = YES;
				GCC_WARN_UNUSED_VARIABLE = YES;
				ONLY_ACTIVE_ARCH = YES;
				SDKROOT = macosx;
			};
			name = Debug;
		};
		C01FCF5008A954540054247B /* Release */ = {
			isa = XCBuildConfiguration;
			buildSettings = {
				ARCHS = "$(ARCHS_STANDARD_32_64_BIT)";
				GCC_C_LANGUAGE_STANDARD = gnu99;
				GCC_WARN_ABOUT_RETURN_TYPE = YES;
				GCC_WARN_UNUSED_VARIABLE = YES;
				ONLY_ACTIVE_ARCH = YES;
				SDKROOT = macosx;
			};
			name = Release;
		};
/* End XCBuildConfiguration section */

/* Begin XCConfigurationList section */
		C01FCF4A08A954540054247B /* Build configuration list for PBXNativeTarget "callback-mac" */ = {
			isa = XCConfigurationList;
			buildConfigurations = (
				C01FCF4B08A954540054247B /* Debug */,
				C01FCF4C08A954540054247B /* Release */,
			);
			defaultConfigurationIsVisible = 0;
			defaultConfigurationName = Release;
		};
		C01FCF4E08A954540054247B /* Build configuration list for PBXProject "callback-mac" */ = {
			isa = XCConfigurationList;
			buildConfigurations = (
				C01FCF4F08A954540054247B /* Debug */,
				C01FCF5008A954540054247B /* Release */,
			);
			defaultConfigurationIsVisible = 0;
			defaultConfigurationName = Release;
		};
/* End XCConfigurationList section */
	};
	rootObject = 29B97313FDCFA39411CA2CEA /* Project object */;
}
